
Microsoft Visual Studio Solution File, Format Version 12.00
# Visual Studio Version 17
VisualStudioVersion = 17.0.31903.59
MinimumVisualStudioVersion = 10.0.40219.1
Project("{FAE04EC0-301F-11D3-BF4B-00C04F79EFBC}") = "Calculator", "Calculator\Calculator.csproj", "{D1155C64-9040-4CA9-963D-F36BDF640C29}"
EndProject
Global
	GlobalSection(SolutionConfigurationPlatforms) = preSolution
		Debug|Any CPU = Debug|Any CPU
		Release|Any CPU = Release|Any CPU
	EndGlobalSection
	GlobalSection(ProjectConfigurationPlatforms) = postSolution
		{D1155C64-9040-4CA9-963D-F36BDF640C29}.Debug|Any CPU.ActiveCfg = Debug|Any CPU
		{D1155C64-9040-4CA9-963D-F36BDF640C29}.Debug|Any CPU.Build.0 = Debug|Any CPU
		{D1155C64-9040-4CA9-963D-F36BDF640C29}.Release|Any CPU.ActiveCfg = Release|Any CPU
		{D1155C64-9040-4CA9-963D-F36BDF640C29}.Release|Any CPU.Build.0 = Release|Any CPU
	EndGlobalSection
	GlobalSection(SolutionProperties) = preSolution
		HideSolutionNode = FALSE
	EndGlobalSection
	GlobalSection(ExtensibilityGlobals) = postSolution
		SolutionGuid = {BA45581E-E5A8-43AE-B233-94FB3560837E}
	EndGlobalSection
EndGlobal
